
Microsoft Visual Studio Solution File, Format Version 12.00
# Visual Studio Version 17
VisualStudioVersion = 17.10.35122.118
MinimumVisualStudioVersion = 10.0.40219.1
Project("{2150E333-8FDC-42A3-9474-1A3956D46DE8}") = "Services", "Services", "{BCF72922-937F-43C9-8627-1EC5CFE6F45D}"
EndProject
Project("{2150E333-8FDC-42A3-9474-1A3956D46DE8}") = "Shared", "Shared", "{ED512740-9D54-4408-BAC1-A5BC910B263A}"
EndProject
Project("{2150E333-8FDC-42A3-9474-1A3956D46DE8}") = "Catalog", "Catalog", "{2475719E-D49D-45D1-B94E-FEA2171E2584}"
EndProject
Project("{9A19103F-16F7-4668-BE54-9A1E7A4F7556}") = "Catalog.Domain", "Catalog.Domain\Catalog.Domain.csproj", "{58FB83EB-D643-47C6-B195-E7B99CB5C351}"
EndProject
Project("{9A19103F-16F7-4668-BE54-9A1E7A4F7556}") = "Catalog.Application", "Catalog.Application\Catalog.Application.csproj", "{CC676ACD-1A8F-455C-8CAD-4CF444F614FB}"
EndProject
Project("{9A19103F-16F7-4668-BE54-9A1E7A4F7556}") = "Catalog.Infrastructure", "Catalog.Infrastructure\Catalog.Infrastructure.csproj", "{B980D7FF-0028-4B34-A4A8-6279242B97F4}"
EndProject
Project("{9A19103F-16F7-4668-BE54-9A1E7A4F7556}") = "Catalog.API", "Catalog.API\Catalog.API.csproj", "{D951D633-9269-4608-8023-D38F5BB8C311}"
EndProject
Project("{2150E333-8FDC-42A3-9474-1A3956D46DE8}") = "Solution Items", "Solution Items", "{36248A1C-906F-4B63-8301-EEB7356517D5}"
	ProjectSection(SolutionItems) = preProject
		.env = .env
		docker-compose.yml = docker-compose.yml
	EndProjectSection
EndProject
Global
	GlobalSection(SolutionConfigurationPlatforms) = preSolution
		Debug|Any CPU = Debug|Any CPU
		Release|Any CPU = Release|Any CPU
	EndGlobalSection
	GlobalSection(ProjectConfigurationPlatforms) = postSolution
		{58FB83EB-D643-47C6-B195-E7B99CB5C351}.Debug|Any CPU.ActiveCfg = Debug|Any CPU
		{58FB83EB-D643-47C6-B195-E7B99CB5C351}.Debug|Any CPU.Build.0 = Debug|Any CPU
		{58FB83EB-D643-47C6-B195-E7B99CB5C351}.Release|Any CPU.ActiveCfg = Release|Any CPU
		{58FB83EB-D643-47C6-B195-E7B99CB5C351}.Release|Any CPU.Build.0 = Release|Any CPU
		{CC676ACD-1A8F-455C-8CAD-4CF444F614FB}.Debug|Any CPU.ActiveCfg = Debug|Any CPU
		{CC676ACD-1A8F-455C-8CAD-4CF444F614FB}.Debug|Any CPU.Build.0 = Debug|Any CPU
		{CC676ACD-1A8F-455C-8CAD-4CF444F614FB}.Release|Any CPU.ActiveCfg = Release|Any CPU
		{CC676ACD-1A8F-455C-8CAD-4CF444F614FB}.Release|Any CPU.Build.0 = Release|Any CPU
		{B980D7FF-0028-4B34-A4A8-6279242B97F4}.Debug|Any CPU.ActiveCfg = Debug|Any CPU
		{B980D7FF-0028-4B34-A4A8-6279242B97F4}.Debug|Any CPU.Build.0 = Debug|Any CPU
		{B980D7FF-0028-4B34-A4A8-6279242B97F4}.Release|Any CPU.ActiveCfg = Release|Any CPU
		{B980D7FF-0028-4B34-A4A8-6279242B97F4}.Release|Any CPU.Build.0 = Release|Any CPU
		{D951D633-9269-4608-8023-D38F5BB8C311}.Debug|Any CPU.ActiveCfg = Debug|Any CPU
		{D951D633-9269-4608-8023-D38F5BB8C311}.Debug|Any CPU.Build.0 = Debug|Any CPU
		{D951D633-9269-4608-8023-D38F5BB8C311}.Release|Any CPU.ActiveCfg = Release|Any CPU
		{D951D633-9269-4608-8023-D38F5BB8C311}.Release|Any CPU.Build.0 = Release|Any CPU
	EndGlobalSection
	GlobalSection(SolutionProperties) = preSolution
		HideSolutionNode = FALSE
	EndGlobalSection
	GlobalSection(NestedProjects) = preSolution
		{2475719E-D49D-45D1-B94E-FEA2171E2584} = {BCF72922-937F-43C9-8627-1EC5CFE6F45D}
		{58FB83EB-D643-47C6-B195-E7B99CB5C351} = {2475719E-D49D-45D1-B94E-FEA2171E2584}
		{CC676ACD-1A8F-455C-8CAD-4CF444F614FB} = {2475719E-D49D-45D1-B94E-FEA2171E2584}
		{B980D7FF-0028-4B34-A4A8-6279242B97F4} = {2475719E-D49D-45D1-B94E-FEA2171E2584}
		{D951D633-9269-4608-8023-D38F5BB8C311} = {2475719E-D49D-45D1-B94E-FEA2171E2584}
	EndGlobalSection
	GlobalSection(ExtensibilityGlobals) = postSolution
		SolutionGuid = {79B7E854-1304-491D-8520-047689BB6DB4}
	EndGlobalSection
EndGlobal
